
Microsoft Visual Studio Solution File, Format Version 12.00
# Visual Studio Version 17
VisualStudioVersion = 17.8.34511.84
MinimumVisualStudioVersion = 10.0.40219.1
Project("{FAE04EC0-301F-11D3-BF4B-00C04F79EFBC}") = "Recipe Ingredient Recipe ST10332172 MENDES SITHOLE", "Recipe Ingredient Recipe ST10332172 MENDES SITHOLE.csproj", "{2F7E77BB-63FA-42D6-A750-87F5C57DDAD9}"
EndProject
Global
	GlobalSection(SolutionConfigurationPlatforms) = preSolution
		Debug|Any CPU = Debug|Any CPU
		Release|Any CPU = Release|Any CPU
	EndGlobalSection
	GlobalSection(ProjectConfigurationPlatforms) = postSolution
		{2F7E77BB-63FA-42D6-A750-87F5C57DDAD9}.Debug|Any CPU.ActiveCfg = Debug|Any CPU
		{2F7E77BB-63FA-42D6-A750-87F5C57DDAD9}.Debug|Any CPU.Build.0 = Debug|Any CPU
		{2F7E77BB-63FA-42D6-A750-87F5C57DDAD9}.Release|Any CPU.ActiveCfg = Release|Any CPU
		{2F7E77BB-63FA-42D6-A750-87F5C57DDAD9}.Release|Any CPU.Build.0 = Release|Any CPU
	EndGlobalSection
	GlobalSection(SolutionProperties) = preSolution
		HideSolutionNode = FALSE
	EndGlobalSection
	GlobalSection(ExtensibilityGlobals) = postSolution
		SolutionGuid = {32F2759D-C3AA-4178-A3D7-1EF54070B239}
	EndGlobalSection
EndGlobal
